
Microsoft Visual Studio Solution File, Format Version 12.00
# Visual Studio Version 16
VisualStudioVersion = 16.0.30804.86
MinimumVisualStudioVersion = 10.0.40219.1
Project("{9A19103F-16F7-4668-BE54-9A1E7A4F7556}") = "StandardClarityDriverInterpreter", "StandardClarityDriverInterpreter.csproj", "{64BE9043-0C74-4508-8AF8-1EE44D80231D}"
EndProject
Global
	GlobalSection(SolutionConfigurationPlatforms) = preSolution
		Debug|Any CPU = Debug|Any CPU
		Release|Any CPU = Release|Any CPU
	EndGlobalSection
	GlobalSection(ProjectConfigurationPlatforms) = postSolution
		{64BE9043-0C74-4508-8AF8-1EE44D80231D}.Debug|Any CPU.ActiveCfg = Debug|Any CPU
		{64BE9043-0C74-4508-8AF8-1EE44D80231D}.Debug|Any CPU.Build.0 = Debug|Any CPU
		{64BE9043-0C74-4508-8AF8-1EE44D80231D}.Release|Any CPU.ActiveCfg = Release|Any CPU
		{64BE9043-0C74-4508-8AF8-1EE44D80231D}.Release|Any CPU.Build.0 = Release|Any CPU
	EndGlobalSection
	GlobalSection(SolutionProperties) = preSolution
		HideSolutionNode = FALSE
	EndGlobalSection
	GlobalSection(ExtensibilityGlobals) = postSolution
		SolutionGuid = {7E4F3C23-B7DD-4CD1-8E28-C6EA77058723}
	EndGlobalSection
EndGlobal
